// !$*UTF8*$!
{
	archiveVersion = 1;
	classes = {
	};
	objectVersion = 48;
	objects = {

/* Begin PBXBuildFile section */
		76E13CB81FE36D3700333704 /* main.swift in Sources */ = {isa = PBXBuildFile; fileRef = 76E13CB71FE36D3700333704 /* main.swift */; };
		76E13CC51FE36D9F00333704 /* WordTransformationTests.swift in Sources */ = {isa = PBXBuildFile; fileRef = 76E13CC41FE36D9F00333704 /* WordTransformationTests.swift */; };
		76E13CCB1FE36DAC00333704 /* WordTransformer.swift in Sources */ = {isa = PBXBuildFile; fileRef = 76E13CCA1FE36DAC00333704 /* WordTransformer.swift */; };
		76E13CCC1FE36DAC00333704 /* WordTransformer.swift in Sources */ = {isa = PBXBuildFile; fileRef = 76E13CCA1FE36DAC00333704 /* WordTransformer.swift */; };
		76E13CCE1FE3751D00333704 /* WordListLoader.swift in Sources */ = {isa = PBXBuildFile; fileRef = 76E13CCD1FE3751D00333704 /* WordListLoader.swift */; };
		76E13CCF1FE3751D00333704 /* WordListLoader.swift in Sources */ = {isa = PBXBuildFile; fileRef = 76E13CCD1FE3751D00333704 /* WordListLoader.swift */; };
/* End PBXBuildFile section */

/* Begin PBXCopyFilesBuildPhase section */
		76E13CB21FE36D3700333704 /* CopyFiles */ = {
			isa = PBXCopyFilesBuildPhase;
			buildActionMask = 2147483647;
			dstPath = /usr/share/man/man1/;
			dstSubfolderSpec = 0;
			files = (
			);
			runOnlyForDeploymentPostprocessing = 1;
		};
/* End PBXCopyFilesBuildPhase section */

/* Begin PBXFileReference section */
		76E13CB41FE36D3700333704 /* WordTransformation */ = {isa = PBXFileReference; explicitFileType = "compiled.mach-o.executable"; includeInIndex = 0; path = WordTransformation; sourceTree = BUILT_PRODUCTS_DIR; };
		76E13CB71FE36D3700333704 /* main.swift */ = {isa = PBXFileReference; lastKnownFileType = sourcecode.swift; path = main.swift; sourceTree = "<group>"; };
		76E13CC21FE36D9F00333704 /* WordTransformationTests.xctest */ = {isa = PBXFileReference; explicitFileType = wrapper.cfbundle; includeInIndex = 0; path = WordTransformationTests.xctest; sourceTree = BUILT_PRODUCTS_DIR; };
		76E13CC41FE36D9F00333704 /* WordTransformationTests.swift */ = {isa = PBXFileReference; lastKnownFileType = sourcecode.swift; path = WordTransformationTests.swift; sourceTree = "<group>"; };
		76E13CC61FE36D9F00333704 /* Info.plist */ = {isa = PBXFileReference; lastKnownFileType = text.plist.xml; path = Info.plist; sourceTree = "<group>"; };
		76E13CCA1FE36DAC00333704 /* WordTransformer.swift */ = {isa = PBXFileReference; lastKnownFileType = sourcecode.swift; path = WordTransformer.swift; sourceTree = "<group>"; };
		76E13CCD1FE3751D00333704 /* WordListLoader.swift */ = {isa = PBXFileReference; lastKnownFileType = sourcecode.swift; path = WordListLoader.swift; sourceTree = "<group>"; };
/* End PBXFileReference section */

/* Begin PBXFrameworksBuildPhase section */
		76E13CB11FE36D3700333704 /* Frameworks */ = {
			isa = PBXFrameworksBuildPhase;
			buildActionMask = 2147483647;
			files = (
			);
			runOnlyForDeploymentPostprocessing = 0;
		};
		76E13CBF1FE36D9F00333704 /* Frameworks */ = {
			isa = PBXFrameworksBuildPhase;
			buildActionMask = 2147483647;
			files = (
			);
			runOnlyForDeploymentPostprocessing = 0;
		};
/* End PBXFrameworksBuildPhase section */

/* Begin PBXGroup section */
		76E13CAB1FE36D3700333704 = {
			isa = PBXGroup;
			children = (
				76E13CB61FE36D3700333704 /* WordTransformation */,
				76E13CC31FE36D9F00333704 /* WordTransformationTests */,
				76E13CB51FE36D3700333704 /* Products */,
			);
			sourceTree = "<group>";
		};
		76E13CB51FE36D3700333704 /* Products */ = {
			isa = PBXGroup;
			children = (
				76E13CB41FE36D3700333704 /* WordTransformation */,
				76E13CC21FE36D9F00333704 /* WordTransformationTests.xctest */,
			);
			name = Products;
			sourceTree = "<group>";
		};
		76E13CB61FE36D3700333704 /* WordTransformation */ = {
			isa = PBXGroup;
			children = (
				76E13CB71FE36D3700333704 /* main.swift */,
				76E13CCA1FE36DAC00333704 /* WordTransformer.swift */,
				76E13CCD1FE3751D00333704 /* WordListLoader.swift */,
			);
			path = WordTransformation;
			sourceTree = "<group>";
		};
		76E13CC31FE36D9F00333704 /* WordTransformationTests */ = {
			isa = PBXGroup;
			children = (
				76E13CC41FE36D9F00333704 /* WordTransformationTests.swift */,
				76E13CC61FE36D9F00333704 /* Info.plist */,
			);
			path = WordTransformationTests;
			sourceTree = "<group>";
		};
/* End PBXGroup section */

/* Begin PBXNativeTarget section */
		76E13CB31FE36D3700333704 /* WordTransformation */ = {
			isa = PBXNativeTarget;
			buildConfigurationList = 76E13CBB1FE36D3700333704 /* Build configuration list for PBXNativeTarget "WordTransformation" */;
			buildPhases = (
				76E13CB01FE36D3700333704 /* Sources */,
				76E13CB11FE36D3700333704 /* Frameworks */,
				76E13CB21FE36D3700333704 /* CopyFiles */,
			);
			buildRules = (
			);
			dependencies = (
			);
			name = WordTransformation;
			productName = WordTransformation;
			productReference = 76E13CB41FE36D3700333704 /* WordTransformation */;
			productType = "com.apple.product-type.tool";
		};
		76E13CC11FE36D9F00333704 /* WordTransformationTests */ = {
			isa = PBXNativeTarget;
			buildConfigurationList = 76E13CC71FE36D9F00333704 /* Build configuration list for PBXNativeTarget "WordTransformationTests" */;
			buildPhases = (
				76E13CBE1FE36D9F00333704 /* Sources */,
				76E13CBF1FE36D9F00333704 /* Frameworks */,
				76E13CC01FE36D9F00333704 /* Resources */,
			);
			buildRules = (
			);
			dependencies = (
			);
			name = WordTransformationTests;
			productName = WordTransformationTests;
			productReference = 76E13CC21FE36D9F00333704 /* WordTransformationTests.xctest */;
			productType = "com.apple.product-type.bundle.unit-test";
		};
/* End PBXNativeTarget section */

/* Begin PBXProject section */
		76E13CAC1FE36D3700333704 /* Project object */ = {
			isa = PBXProject;
			attributes = {
				LastSwiftUpdateCheck = 0910;
				LastUpgradeCheck = 0930;
				ORGANIZATIONNAME = "Aaron Thompson";
				TargetAttributes = {
					76E13CB31FE36D3700333704 = {
						CreatedOnToolsVersion = 9.1;
					};
					76E13CC11FE36D9F00333704 = {
						CreatedOnToolsVersion = 9.1;
						ProvisioningStyle = Automatic;
					};
				};
			};
			buildConfigurationList = 76E13CAF1FE36D3700333704 /* Build configuration list for PBXProject "WordTransformation" */;
			compatibilityVersion = "Xcode 8.0";
			developmentRegion = en;
			hasScannedForEncodings = 0;
			knownRegions = (
				en,
			);
			mainGroup = 76E13CAB1FE36D3700333704;
			productRefGroup = 76E13CB51FE36D3700333704 /* Products */;
			projectDirPath = "";
			projectRoot = "";
			targets = (
				76E13CB31FE36D3700333704 /* WordTransformation */,
				76E13CC11FE36D9F00333704 /* WordTransformationTests */,
			);
		};
/* End PBXProject section */

/* Begin PBXResourcesBuildPhase section */
		76E13CC01FE36D9F00333704 /* Resources */ = {
			isa = PBXResourcesBuildPhase;
			buildActionMask = 2147483647;
			files = (
			);
			runOnlyForDeploymentPostprocessing = 0;
		};
/* End PBXResourcesBuildPhase section */

/* Begin PBXSourcesBuildPhase section */
		76E13CB01FE36D3700333704 /* Sources */ = {
			isa = PBXSourcesBuildPhase;
			buildActionMask = 2147483647;
			files = (
				76E13CB81FE36D3700333704 /* main.swift in Sources */,
				76E13CCB1FE36DAC00333704 /* WordTransformer.swift in Sources */,
				76E13CCE1FE3751D00333704 /* WordListLoader.swift in Sources */,
			);
			runOnlyForDeploymentPostprocessing = 0;
		};
		76E13CBE1FE36D9F00333704 /* Sources */ = {
			isa = PBXSourcesBuildPhase;
			buildActionMask = 2147483647;
			files = (
				76E13CC51FE36D9F00333704 /* WordTransformationTests.swift in Sources */,
				76E13CCC1FE36DAC00333704 /* WordTransformer.swift in Sources */,
				76E13CCF1FE3751D00333704 /* WordListLoader.swift in Sources */,
			);
			runOnlyForDeploymentPostprocessing = 0;
		};
/* End PBXSourcesBuildPhase section */

/* Begin XCBuildConfiguration section */
		76E13CB91FE36D3700333704 /* Debug */ = {
			isa = XCBuildConfiguration;
			buildSettings = {
				ALWAYS_SEARCH_USER_PATHS = NO;
				CLANG_ANALYZER_NONNULL = YES;
				CLANG_ANALYZER_NUMBER_OBJECT_CONVERSION = YES_AGGRESSIVE;
				CLANG_CXX_LANGUAGE_STANDARD = "gnu++14";
				CLANG_CXX_LIBRARY = "libc++";
				CLANG_ENABLE_MODULES = YES;
				CLANG_ENABLE_OBJC_ARC = YES;
				CLANG_WARN_BLOCK_CAPTURE_AUTORELEASING = YES;
				CLANG_WARN_BOOL_CONVERSION = YES;
				CLANG_WARN_COMMA = YES;
				CLANG_WARN_CONSTANT_CONVERSION = YES;
				CLANG_WARN_DIRECT_OBJC_ISA_USAGE = YES_ERROR;
				CLANG_WARN_DOCUMENTATION_COMMENTS = YES;
				CLANG_WARN_EMPTY_BODY = YES;
				CLANG_WARN_ENUM_CONVERSION = YES;
				CLANG_WARN_INFINITE_RECURSION = YES;
				CLANG_WARN_INT_CONVERSION = YES;
				CLANG_WARN_NON_LITERAL_NULL_CONVERSION = YES;
				CLANG_WARN_OBJC_LITERAL_CONVERSION = YES;
				CLANG_WARN_OBJC_ROOT_CLASS = YES_ERROR;
				CLANG_WARN_RANGE_LOOP_ANALYSIS = YES;
				CLANG_WARN_STRICT_PROTOTYPES = YES;
				CLANG_WARN_SUSPICIOUS_MOVE = YES;
				CLANG_WARN_UNGUARDED_AVAILABILITY = YES_AGGRESSIVE;
				CLANG_WARN_UNREACHABLE_CODE = YES;
				CLANG_WARN__DUPLICATE_METHOD_MATCH = YES;
				CODE_SIGN_IDENTITY = "";
				COPY_PHASE_STRIP = NO;
				DEBUG_INFORMATION_FORMAT = dwarf;
				ENABLE_STRICT_OBJC_MSGSEND = YES;
				ENABLE_TESTABILITY = YES;
				GCC_C_LANGUAGE_STANDARD = gnu11;
				GCC_DYNAMIC_NO_PIC = NO;
				GCC_NO_COMMON_BLOCKS = YES;
				GCC_OPTIMIZATION_LEVEL = 0;
				GCC_PREPROCESSOR_DEFINITIONS = (
					"DEBUG=1",
					"$(inherited)",
				);
				GCC_WARN_64_TO_32_BIT_CONVERSION = YES;
				GCC_WARN_ABOUT_RETURN_TYPE = YES_ERROR;
				GCC_WARN_UNDECLARED_SELECTOR = YES;
				GCC_WARN_UNINITIALIZED_AUTOS = YES_AGGRESSIVE;
				GCC_WARN_UNUSED_FUNCTION = YES;
				GCC_WARN_UNUSED_VARIABLE = YES;
				MACOSX_DEPLOYMENT_TARGET = 10.13;
				MTL_ENABLE_DEBUG_INFO = YES;
				ONLY_ACTIVE_ARCH = YES;
				SDKROOT = macosx;
				SWIFT_ACTIVE_COMPILATION_CONDITIONS = DEBUG;
				SWIFT_OPTIMIZATION_LEVEL = "-Onone";
			};
			name = Debug;
		};
		76E13CBA1FE36D3700333704 /* Release */ = {
			isa = XCBuildConfiguration;
			buildSettings = {
				ALWAYS_SEARCH_USER_PATHS = NO;
				CLANG_ANALYZER_NONNULL = YES;
				CLANG_ANALYZER_NUMBER_OBJECT_CONVERSION = YES_AGGRESSIVE;
				CLANG_CXX_LANGUAGE_STANDARD = "gnu++14";
				CLANG_CXX_LIBRARY = "libc++";
				CLANG_ENABLE_MODULES = YES;
				CLANG_ENABLE_OBJC_ARC = YES;
				CLANG_WARN_BLOCK_CAPTURE_AUTORELEASING = YES;
				CLANG_WARN_BOOL_CONVERSION = YES;
				CLANG_WARN_COMMA = YES;
				CLANG_WARN_CONSTANT_CONVERSION = YES;
				CLANG_WARN_DIRECT_OBJC_ISA_USAGE = YES_ERROR;
				CLANG_WARN_DOCUMENTATION_COMMENTS = YES;
				CLANG_WARN_EMPTY_BODY = YES;
				CLANG_WARN_ENUM_CONVERSION = YES;
				CLANG_WARN_INFINITE_RECURSION = YES;
				CLANG_WARN_INT_CONVERSION = YES;
				CLANG_WARN_NON_LITERAL_NULL_CONVERSION = YES;
				CLANG_WARN_OBJC_LITERAL_CONVERSION = YES;
				CLANG_WARN_OBJC_ROOT_CLASS = YES_ERROR;
				CLANG_WARN_RANGE_LOOP_ANALYSIS = YES;
				CLANG_WARN_STRICT_PROTOTYPES = YES;
				CLANG_WARN_SUSPICIOUS_MOVE = YES;
				CLANG_WARN_UNGUARDED_AVAILABILITY = YES_AGGRESSIVE;
				CLANG_WARN_UNREACHABLE_CODE = YES;
				CLANG_WARN__DUPLICATE_METHOD_MATCH = YES;
				CODE_SIGN_IDENTITY = "";
				COPY_PHASE_STRIP = NO;
				DEBUG_INFORMATION_FORMAT = "dwarf-with-dsym";
				ENABLE_NS_ASSERTIONS = NO;
				ENABLE_STRICT_OBJC_MSGSEND = YES;
				GCC_C_LANGUAGE_STANDARD = gnu11;
				GCC_NO_COMMON_BLOCKS = YES;
				GCC_WARN_64_TO_32_BIT_CONVERSION = YES;
				GCC_WARN_ABOUT_RETURN_TYPE = YES_ERROR;
				GCC_WARN_UNDECLARED_SELECTOR = YES;
				GCC_WARN_UNINITIALIZED_AUTOS = YES_AGGRESSIVE;
				GCC_WARN_UNUSED_FUNCTION = YES;
				GCC_WARN_UNUSED_VARIABLE = YES;
				MACOSX_DEPLOYMENT_TARGET = 10.13;
				MTL_ENABLE_DEBUG_INFO = NO;
				SDKROOT = macosx;
				SWIFT_OPTIMIZATION_LEVEL = "-Owholemodule";
			};
			name = Release;
		};
		76E13CBC1FE36D3700333704 /* Debug */ = {
			isa = XCBuildConfiguration;
			buildSettings = {
				CLANG_ENABLE_OBJC_WEAK = YES;
				PRODUCT_NAME = "$(TARGET_NAME)";
				SWIFT_VERSION = 4.0;
			};
			name = Debug;
		};
		76E13CBD1FE36D3700333704 /* Release */ = {
			isa = XCBuildConfiguration;
			buildSettings = {
				CLANG_ENABLE_OBJC_WEAK = YES;
				PRODUCT_NAME = "$(TARGET_NAME)";
				SWIFT_VERSION = 4.0;
			};
			name = Release;
		};
		76E13CC81FE36D9F00333704 /* Debug */ = {
			isa = XCBuildConfiguration;
			buildSettings = {
				COMBINE_HIDPI_IMAGES = YES;
				INFOPLIST_FILE = WordTransformationTests/Info.plist;
				LD_RUNPATH_SEARCH_PATHS = "$(inherited) @executable_path/../Frameworks @loader_path/../Frameworks";
				PRODUCT_BUNDLE_IDENTIFIER = com.aaronthompson.WordTransformationTests;
				PRODUCT_NAME = "$(TARGET_NAME)";
				SWIFT_VERSION = 4.0;
			};
			name = Debug;
		};
		76E13CC91FE36D9F00333704 /* Release */ = {
			isa = XCBuildConfiguration;
			buildSettings = {
				COMBINE_HIDPI_IMAGES = YES;
				INFOPLIST_FILE = WordTransformationTests/Info.plist;
				LD_RUNPATH_SEARCH_PATHS = "$(inherited) @executable_path/../Frameworks @loader_path/../Frameworks";
				PRODUCT_BUNDLE_IDENTIFIER = com.aaronthompson.WordTransformationTests;
				PRODUCT_NAME = "$(TARGET_NAME)";
				SWIFT_VERSION = 4.0;
			};
			name = Release;
		};
/* End XCBuildConfiguration section */

/* Begin XCConfigurationList section */
		76E13CAF1FE36D3700333704 /* Build configuration list for PBXProject "WordTransformation" */ = {
			isa = XCConfigurationList;
			buildConfigurations = (
				76E13CB91FE36D3700333704 /* Debug */,
				76E13CBA1FE36D3700333704 /* Release */,
			);
			defaultConfigurationIsVisible = 0;
			defaultConfigurationName = Release;
		};
		76E13CBB1FE36D3700333704 /* Build configuration list for PBXNativeTarget "WordTransformation" */ = {
			isa = XCConfigurationList;
			buildConfigurations = (
				76E13CBC1FE36D3700333704 /* Debug */,
				76E13CBD1FE36D3700333704 /* Release */,
			);
			defaultConfigurationIsVisible = 0;
			defaultConfigurationName = Release;
		};
		76E13CC71FE36D9F00333704 /* Build configuration list for PBXNativeTarget "WordTransformationTests" */ = {
			isa = XCConfigurationList;
			buildConfigurations = (
				76E13CC81FE36D9F00333704 /* Debug */,
				76E13CC91FE36D9F00333704 /* Release */,
			);
			defaultConfigurationIsVisible = 0;
			defaultConfigurationName = Release;
		};
/* End XCConfigurationList section */
	};
	rootObject = 76E13CAC1FE36D3700333704 /* Project object */;
}
